
Microsoft Visual Studio Solution File, Format Version 12.00
# Visual Studio Version 17
VisualStudioVersion = 17.2.32630.192
MinimumVisualStudioVersion = 10.0.40219.1
Project("{FAE04EC0-301F-11D3-BF4B-00C04F79EFBC}") = "ZnakiZodiaka", "ZnakiZodiaka\ZnakiZodiaka.csproj", "{EA2AD94A-5A6B-471C-B58C-42B83C1BC26F}"
EndProject
Global
	GlobalSection(SolutionConfigurationPlatforms) = preSolution
		Debug|Any CPU = Debug|Any CPU
		Release|Any CPU = Release|Any CPU
	EndGlobalSection
	GlobalSection(ProjectConfigurationPlatforms) = postSolution
		{EA2AD94A-5A6B-471C-B58C-42B83C1BC26F}.Debug|Any CPU.ActiveCfg = Debug|Any CPU
		{EA2AD94A-5A6B-471C-B58C-42B83C1BC26F}.Debug|Any CPU.Build.0 = Debug|Any CPU
		{EA2AD94A-5A6B-471C-B58C-42B83C1BC26F}.Release|Any CPU.ActiveCfg = Release|Any CPU
		{EA2AD94A-5A6B-471C-B58C-42B83C1BC26F}.Release|Any CPU.Build.0 = Release|Any CPU
	EndGlobalSection
	GlobalSection(SolutionProperties) = preSolution
		HideSolutionNode = FALSE
	EndGlobalSection
	GlobalSection(ExtensibilityGlobals) = postSolution
		SolutionGuid = {F499A66C-C4A8-4715-8DEA-9488DE59BD18}
	EndGlobalSection
EndGlobal
